
Microsoft Visual Studio Solution File, Format Version 12.00
# Visual Studio Version 16
VisualStudioVersion = 16.0.31402.337
MinimumVisualStudioVersion = 10.0.40219.1
Project("{FAE04EC0-301F-11D3-BF4B-00C04F79EFBC}") = "LoopsExamenAkin Vraag 1", "LoopsExamenAkin\LoopsExamenAkin Vraag 1.csproj", "{418CC69D-CFB9-466B-BBCC-AA40A46A6940}"
EndProject
Project("{FAE04EC0-301F-11D3-BF4B-00C04F79EFBC}") = "Vraag 2", "Vraag 2\Vraag 2.csproj", "{AA264A62-B05E-44C2-A469-C1A2885D4EB0}"
EndProject
Project("{FAE04EC0-301F-11D3-BF4B-00C04F79EFBC}") = "Vraag 3", "Vraag 3\Vraag 3.csproj", "{3BF09E30-8689-4F94-AF70-6E73E412F664}"
EndProject
Global
	GlobalSection(SolutionConfigurationPlatforms) = preSolution
		Debug|Any CPU = Debug|Any CPU
		Release|Any CPU = Release|Any CPU
	EndGlobalSection
	GlobalSection(ProjectConfigurationPlatforms) = postSolution
		{418CC69D-CFB9-466B-BBCC-AA40A46A6940}.Debug|Any CPU.ActiveCfg = Debug|Any CPU
		{418CC69D-CFB9-466B-BBCC-AA40A46A6940}.Debug|Any CPU.Build.0 = Debug|Any CPU
		{418CC69D-CFB9-466B-BBCC-AA40A46A6940}.Release|Any CPU.ActiveCfg = Release|Any CPU
		{418CC69D-CFB9-466B-BBCC-AA40A46A6940}.Release|Any CPU.Build.0 = Release|Any CPU
		{AA264A62-B05E-44C2-A469-C1A2885D4EB0}.Debug|Any CPU.ActiveCfg = Debug|Any CPU
		{AA264A62-B05E-44C2-A469-C1A2885D4EB0}.Debug|Any CPU.Build.0 = Debug|Any CPU
		{AA264A62-B05E-44C2-A469-C1A2885D4EB0}.Release|Any CPU.ActiveCfg = Release|Any CPU
		{AA264A62-B05E-44C2-A469-C1A2885D4EB0}.Release|Any CPU.Build.0 = Release|Any CPU
		{3BF09E30-8689-4F94-AF70-6E73E412F664}.Debug|Any CPU.ActiveCfg = Debug|Any CPU
		{3BF09E30-8689-4F94-AF70-6E73E412F664}.Debug|Any CPU.Build.0 = Debug|Any CPU
		{3BF09E30-8689-4F94-AF70-6E73E412F664}.Release|Any CPU.ActiveCfg = Release|Any CPU
		{3BF09E30-8689-4F94-AF70-6E73E412F664}.Release|Any CPU.Build.0 = Release|Any CPU
	EndGlobalSection
	GlobalSection(SolutionProperties) = preSolution
		HideSolutionNode = FALSE
	EndGlobalSection
	GlobalSection(ExtensibilityGlobals) = postSolution
		SolutionGuid = {4CDB96CC-098A-4641-9F7F-08DD317631CE}
	EndGlobalSection
EndGlobal
